
Microsoft Visual Studio Solution File, Format Version 12.00
# Visual Studio 15
Project("{FAE04EC0-301F-11D3-BF4B-00C04F79EFBC}") = "HotelDB", "HotelDB\HotelDB.csproj", "{C9EF55A2-123C-4990-876A-9EDE86872326}"
EndProject
Global
	GlobalSection(SolutionConfigurationPlatforms) = preSolution
		Debug|Any CPU = Debug|Any CPU
		Release|Any CPU = Release|Any CPU
	EndGlobalSection
	GlobalSection(ProjectConfigurationPlatforms) = postSolution
		{C9EF55A2-123C-4990-876A-9EDE86872326}.Debug|Any CPU.ActiveCfg = Debug|Any CPU
		{C9EF55A2-123C-4990-876A-9EDE86872326}.Debug|Any CPU.Build.0 = Debug|Any CPU
		{C9EF55A2-123C-4990-876A-9EDE86872326}.Release|Any CPU.ActiveCfg = Release|Any CPU
		{C9EF55A2-123C-4990-876A-9EDE86872326}.Release|Any CPU.Build.0 = Release|Any CPU
	EndGlobalSection
EndGlobal
